
Microsoft Visual Studio Solution File, Format Version 12.00
# Visual Studio Version 17
VisualStudioVersion = 17.11.35303.130
MinimumVisualStudioVersion = 10.0.40219.1
Project("{9A19103F-16F7-4668-BE54-9A1E7A4F7556}") = "Technical challenge", "Technical challenge.csproj", "{D352E0D9-088E-4B1E-9519-0477C59B6C2F}"
EndProject
Global
	GlobalSection(SolutionConfigurationPlatforms) = preSolution
		Debug|Any CPU = Debug|Any CPU
		Release|Any CPU = Release|Any CPU
	EndGlobalSection
	GlobalSection(ProjectConfigurationPlatforms) = postSolution
		{D352E0D9-088E-4B1E-9519-0477C59B6C2F}.Debug|Any CPU.ActiveCfg = Debug|Any CPU
		{D352E0D9-088E-4B1E-9519-0477C59B6C2F}.Debug|Any CPU.Build.0 = Debug|Any CPU
		{D352E0D9-088E-4B1E-9519-0477C59B6C2F}.Release|Any CPU.ActiveCfg = Release|Any CPU
		{D352E0D9-088E-4B1E-9519-0477C59B6C2F}.Release|Any CPU.Build.0 = Release|Any CPU
	EndGlobalSection
	GlobalSection(SolutionProperties) = preSolution
		HideSolutionNode = FALSE
	EndGlobalSection
	GlobalSection(ExtensibilityGlobals) = postSolution
		SolutionGuid = {AC6F1D25-04D1-48FB-9B6A-A8A5D55D4067}
	EndGlobalSection
EndGlobal
